// !$*UTF8*$!
{
	archiveVersion = 1;
	classes = {
	};
	objectVersion = 56;
	objects = {

/* Begin PBXBuildFile section */
		CB3E5BD62AA9687E00F06098 /* AppDelegate.m in Sources */ = {isa = PBXBuildFile; fileRef = CB3E5BD52AA9687E00F06098 /* AppDelegate.m */; };
		CB3E5BD92AA9687E00F06098 /* SceneDelegate.m in Sources */ = {isa = PBXBuildFile; fileRef = CB3E5BD82AA9687E00F06098 /* SceneDelegate.m */; };
		CB3E5BDC2AA9687E00F06098 /* ViewController.m in Sources */ = {isa = PBXBuildFile; fileRef = CB3E5BDB2AA9687E00F06098 /* ViewController.m */; };
		CB3E5BDF2AA9687E00F06098 /* Main.storyboard in Resources */ = {isa = PBXBuildFile; fileRef = CB3E5BDD2AA9687E00F06098 /* Main.storyboard */; };
		CB3E5BE12AA9687F00F06098 /* Assets.xcassets in Resources */ = {isa = PBXBuildFile; fileRef = CB3E5BE02AA9687F00F06098 /* Assets.xcassets */; };
		CB3E5BE42AA9687F00F06098 /* LaunchScreen.storyboard in Resources */ = {isa = PBXBuildFile; fileRef = CB3E5BE22AA9687F00F06098 /* LaunchScreen.storyboard */; };
		CB3E5BE72AA9687F00F06098 /* main.m in Sources */ = {isa = PBXBuildFile; fileRef = CB3E5BE62AA9687F00F06098 /* main.m */; };
		CB3E5BF12AA9687F00F06098 /* FightCassieTests.m in Sources */ = {isa = PBXBuildFile; fileRef = CB3E5BF02AA9687F00F06098 /* FightCassieTests.m */; };
		CB3E5BFB2AA9687F00F06098 /* FightCassieUITests.m in Sources */ = {isa = PBXBuildFile; fileRef = CB3E5BFA2AA9687F00F06098 /* FightCassieUITests.m */; };
		CB3E5BFD2AA9687F00F06098 /* FightCassieUITestsLaunchTests.m in Sources */ = {isa = PBXBuildFile; fileRef = CB3E5BFC2AA9687F00F06098 /* FightCassieUITestsLaunchTests.m */; };
		CB3E5C2F2AA9695600F06098 /* FightCassieSDK.framework in Frameworks */ = {isa = PBXBuildFile; fileRef = CB3E5C2E2AA9695600F06098 /* FightCassieSDK.framework */; };
/* End PBXBuildFile section */

/* Begin PBXContainerItemProxy section */
		CB3E5BED2AA9687F00F06098 /* PBXContainerItemProxy */ = {
			isa = PBXContainerItemProxy;
			containerPortal = CB3E5BC92AA9687E00F06098 /* Project object */;
			proxyType = 1;
			remoteGlobalIDString = CB3E5BD02AA9687E00F06098;
			remoteInfo = FightCassie;
		};
		CB3E5BF72AA9687F00F06098 /* PBXContainerItemProxy */ = {
			isa = PBXContainerItemProxy;
			containerPortal = CB3E5BC92AA9687E00F06098 /* Project object */;
			proxyType = 1;
			remoteGlobalIDString = CB3E5BD02AA9687E00F06098;
			remoteInfo = FightCassie;
		};
/* End PBXContainerItemProxy section */

/* Begin PBXFileReference section */
		CB3E5BD12AA9687E00F06098 /* FightCassie.app */ = {isa = PBXFileReference; explicitFileType = wrapper.application; includeInIndex = 0; path = FightCassie.app; sourceTree = BUILT_PRODUCTS_DIR; };
		CB3E5BD42AA9687E00F06098 /* AppDelegate.h */ = {isa = PBXFileReference; lastKnownFileType = sourcecode.c.h; path = AppDelegate.h; sourceTree = "<group>"; };
		CB3E5BD52AA9687E00F06098 /* AppDelegate.m */ = {isa = PBXFileReference; lastKnownFileType = sourcecode.c.objc; path = AppDelegate.m; sourceTree = "<group>"; };
		CB3E5BD72AA9687E00F06098 /* SceneDelegate.h */ = {isa = PBXFileReference; lastKnownFileType = sourcecode.c.h; path = SceneDelegate.h; sourceTree = "<group>"; };
		CB3E5BD82AA9687E00F06098 /* SceneDelegate.m */ = {isa = PBXFileReference; lastKnownFileType = sourcecode.c.objc; path = SceneDelegate.m; sourceTree = "<group>"; };
		CB3E5BDA2AA9687E00F06098 /* ViewController.h */ = {isa = PBXFileReference; lastKnownFileType = sourcecode.c.h; path = ViewController.h; sourceTree = "<group>"; };
		CB3E5BDB2AA9687E00F06098 /* ViewController.m */ = {isa = PBXFileReference; lastKnownFileType = sourcecode.c.objc; path = ViewController.m; sourceTree = "<group>"; };
		CB3E5BDE2AA9687E00F06098 /* Base */ = {isa = PBXFileReference; lastKnownFileType = file.storyboard; name = Base; path = Base.lproj/Main.storyboard; sourceTree = "<group>"; };
		CB3E5BE02AA9687F00F06098 /* Assets.xcassets */ = {isa = PBXFileReference; lastKnownFileType = folder.assetcatalog; path = Assets.xcassets; sourceTree = "<group>"; };
		CB3E5BE32AA9687F00F06098 /* Base */ = {isa = PBXFileReference; lastKnownFileType = file.storyboard; name = Base; path = Base.lproj/LaunchScreen.storyboard; sourceTree = "<group>"; };
		CB3E5BE52AA9687F00F06098 /* Info.plist */ = {isa = PBXFileReference; lastKnownFileType = text.plist.xml; path = Info.plist; sourceTree = "<group>"; };
		CB3E5BE62AA9687F00F06098 /* main.m */ = {isa = PBXFileReference; lastKnownFileType = sourcecode.c.objc; path = main.m; sourceTree = "<group>"; };
		CB3E5BEC2AA9687F00F06098 /* FightCassieTests.xctest */ = {isa = PBXFileReference; explicitFileType = wrapper.cfbundle; includeInIndex = 0; path = FightCassieTests.xctest; sourceTree = BUILT_PRODUCTS_DIR; };
		CB3E5BF02AA9687F00F06098 /* FightCassieTests.m */ = {isa = PBXFileReference; lastKnownFileType = sourcecode.c.objc; path = FightCassieTests.m; sourceTree = "<group>"; };
		CB3E5BF62AA9687F00F06098 /* FightCassieUITests.xctest */ = {isa = PBXFileReference; explicitFileType = wrapper.cfbundle; includeInIndex = 0; path = FightCassieUITests.xctest; sourceTree = BUILT_PRODUCTS_DIR; };
		CB3E5BFA2AA9687F00F06098 /* FightCassieUITests.m */ = {isa = PBXFileReference; lastKnownFileType = sourcecode.c.objc; path = FightCassieUITests.m; sourceTree = "<group>"; };
		CB3E5BFC2AA9687F00F06098 /* FightCassieUITestsLaunchTests.m */ = {isa = PBXFileReference; lastKnownFileType = sourcecode.c.objc; path = FightCassieUITestsLaunchTests.m; sourceTree = "<group>"; };
		CB3E5C2E2AA9695600F06098 /* FightCassieSDK.framework */ = {isa = PBXFileReference; explicitFileType = wrapper.framework; path = FightCassieSDK.framework; sourceTree = BUILT_PRODUCTS_DIR; };
/* End PBXFileReference section */

/* Begin PBXFrameworksBuildPhase section */
		CB3E5BCE2AA9687E00F06098 /* Frameworks */ = {
			isa = PBXFrameworksBuildPhase;
			buildActionMask = 2147483647;
			files = (
				CB3E5C2F2AA9695600F06098 /* FightCassieSDK.framework in Frameworks */,
			);
			runOnlyForDeploymentPostprocessing = 0;
		};
		CB3E5BE92AA9687F00F06098 /* Frameworks */ = {
			isa = PBXFrameworksBuildPhase;
			buildActionMask = 2147483647;
			files = (
			);
			runOnlyForDeploymentPostprocessing = 0;
		};
		CB3E5BF32AA9687F00F06098 /* Frameworks */ = {
			isa = PBXFrameworksBuildPhase;
			buildActionMask = 2147483647;
			files = (
			);
			runOnlyForDeploymentPostprocessing = 0;
		};
/* End PBXFrameworksBuildPhase section */

/* Begin PBXGroup section */
		CB3E5BC82AA9687E00F06098 = {
			isa = PBXGroup;
			children = (
				CB3E5BD32AA9687E00F06098 /* FightCassie */,
				CB3E5BEF2AA9687F00F06098 /* FightCassieTests */,
				CB3E5BF92AA9687F00F06098 /* FightCassieUITests */,
				CB3E5BD22AA9687E00F06098 /* Products */,
				CB3E5C2D2AA9695600F06098 /* Frameworks */,
			);
			sourceTree = "<group>";
		};
		CB3E5BD22AA9687E00F06098 /* Products */ = {
			isa = PBXGroup;
			children = (
				CB3E5BD12AA9687E00F06098 /* FightCassie.app */,
				CB3E5BEC2AA9687F00F06098 /* FightCassieTests.xctest */,
				CB3E5BF62AA9687F00F06098 /* FightCassieUITests.xctest */,
			);
			name = Products;
			sourceTree = "<group>";
		};
		CB3E5BD32AA9687E00F06098 /* FightCassie */ = {
			isa = PBXGroup;
			children = (
				CB3E5BD42AA9687E00F06098 /* AppDelegate.h */,
				CB3E5BD52AA9687E00F06098 /* AppDelegate.m */,
				CB3E5BD72AA9687E00F06098 /* SceneDelegate.h */,
				CB3E5BD82AA9687E00F06098 /* SceneDelegate.m */,
				CB3E5BDA2AA9687E00F06098 /* ViewController.h */,
				CB3E5BDB2AA9687E00F06098 /* ViewController.m */,
				CB3E5BDD2AA9687E00F06098 /* Main.storyboard */,
				CB3E5BE02AA9687F00F06098 /* Assets.xcassets */,
				CB3E5BE22AA9687F00F06098 /* LaunchScreen.storyboard */,
				CB3E5BE52AA9687F00F06098 /* Info.plist */,
				CB3E5BE62AA9687F00F06098 /* main.m */,
			);
			path = FightCassie;
			sourceTree = "<group>";
		};
		CB3E5BEF2AA9687F00F06098 /* FightCassieTests */ = {
			isa = PBXGroup;
			children = (
				CB3E5BF02AA9687F00F06098 /* FightCassieTests.m */,
			);
			path = FightCassieTests;
			sourceTree = "<group>";
		};
		CB3E5BF92AA9687F00F06098 /* FightCassieUITests */ = {
			isa = PBXGroup;
			children = (
				CB3E5BFA2AA9687F00F06098 /* FightCassieUITests.m */,
				CB3E5BFC2AA9687F00F06098 /* FightCassieUITestsLaunchTests.m */,
			);
			path = FightCassieUITests;
			sourceTree = "<group>";
		};
		CB3E5C2D2AA9695600F06098 /* Frameworks */ = {
			isa = PBXGroup;
			children = (
				CB3E5C2E2AA9695600F06098 /* FightCassieSDK.framework */,
			);
			name = Frameworks;
			sourceTree = "<group>";
		};
/* End PBXGroup section */

/* Begin PBXNativeTarget section */
		CB3E5BD02AA9687E00F06098 /* FightCassie */ = {
			isa = PBXNativeTarget;
			buildConfigurationList = CB3E5C002AA9687F00F06098 /* Build configuration list for PBXNativeTarget "FightCassie" */;
			buildPhases = (
				CB3E5BCD2AA9687E00F06098 /* Sources */,
				CB3E5BCE2AA9687E00F06098 /* Frameworks */,
				CB3E5BCF2AA9687E00F06098 /* Resources */,
			);
			buildRules = (
			);
			dependencies = (
			);
			name = FightCassie;
			productName = FightCassie;
			productReference = CB3E5BD12AA9687E00F06098 /* FightCassie.app */;
			productType = "com.apple.product-type.application";
		};
		CB3E5BEB2AA9687F00F06098 /* FightCassieTests */ = {
			isa = PBXNativeTarget;
			buildConfigurationList = CB3E5C032AA9687F00F06098 /* Build configuration list for PBXNativeTarget "FightCassieTests" */;
			buildPhases = (
				CB3E5BE82AA9687F00F06098 /* Sources */,
				CB3E5BE92AA9687F00F06098 /* Frameworks */,
				CB3E5BEA2AA9687F00F06098 /* Resources */,
			);
			buildRules = (
			);
			dependencies = (
				CB3E5BEE2AA9687F00F06098 /* PBXTargetDependency */,
			);
			name = FightCassieTests;
			productName = FightCassieTests;
			productReference = CB3E5BEC2AA9687F00F06098 /* FightCassieTests.xctest */;
			productType = "com.apple.product-type.bundle.unit-test";
		};
		CB3E5BF52AA9687F00F06098 /* FightCassieUITests */ = {
			isa = PBXNativeTarget;
			buildConfigurationList = CB3E5C062AA9687F00F06098 /* Build configuration list for PBXNativeTarget "FightCassieUITests" */;
			buildPhases = (
				CB3E5BF22AA9687F00F06098 /* Sources */,
				CB3E5BF32AA9687F00F06098 /* Frameworks */,
				CB3E5BF42AA9687F00F06098 /* Resources */,
			);
			buildRules = (
			);
			dependencies = (
				CB3E5BF82AA9687F00F06098 /* PBXTargetDependency */,
			);
			name = FightCassieUITests;
			productName = FightCassieUITests;
			productReference = CB3E5BF62AA9687F00F06098 /* FightCassieUITests.xctest */;
			productType = "com.apple.product-type.bundle.ui-testing";
		};
/* End PBXNativeTarget section */

/* Begin PBXProject section */
		CB3E5BC92AA9687E00F06098 /* Project object */ = {
			isa = PBXProject;
			attributes = {
				BuildIndependentTargetsInParallel = 1;
				LastUpgradeCheck = 1430;
				TargetAttributes = {
					CB3E5BD02AA9687E00F06098 = {
						CreatedOnToolsVersion = 14.3.1;
					};
					CB3E5BEB2AA9687F00F06098 = {
						CreatedOnToolsVersion = 14.3.1;
						TestTargetID = CB3E5BD02AA9687E00F06098;
					};
					CB3E5BF52AA9687F00F06098 = {
						CreatedOnToolsVersion = 14.3.1;
						TestTargetID = CB3E5BD02AA9687E00F06098;
					};
				};
			};
			buildConfigurationList = CB3E5BCC2AA9687E00F06098 /* Build configuration list for PBXProject "FightCassie" */;
			compatibilityVersion = "Xcode 14.0";
			developmentRegion = en;
			hasScannedForEncodings = 0;
			knownRegions = (
				en,
				Base,
			);
			mainGroup = CB3E5BC82AA9687E00F06098;
			productRefGroup = CB3E5BD22AA9687E00F06098 /* Products */;
			projectDirPath = "";
			projectRoot = "";
			targets = (
				CB3E5BD02AA9687E00F06098 /* FightCassie */,
				CB3E5BEB2AA9687F00F06098 /* FightCassieTests */,
				CB3E5BF52AA9687F00F06098 /* FightCassieUITests */,
			);
		};
/* End PBXProject section */

/* Begin PBXResourcesBuildPhase section */
		CB3E5BCF2AA9687E00F06098 /* Resources */ = {
			isa = PBXResourcesBuildPhase;
			buildActionMask = 2147483647;
			files = (
				CB3E5BE42AA9687F00F06098 /* LaunchScreen.storyboard in Resources */,
				CB3E5BE12AA9687F00F06098 /* Assets.xcassets in Resources */,
				CB3E5BDF2AA9687E00F06098 /* Main.storyboard in Resources */,
			);
			runOnlyForDeploymentPostprocessing = 0;
		};
		CB3E5BEA2AA9687F00F06098 /* Resources */ = {
			isa = PBXResourcesBuildPhase;
			buildActionMask = 2147483647;
			files = (
			);
			runOnlyForDeploymentPostprocessing = 0;
		};
		CB3E5BF42AA9687F00F06098 /* Resources */ = {
			isa = PBXResourcesBuildPhase;
			buildActionMask = 2147483647;
			files = (
			);
			runOnlyForDeploymentPostprocessing = 0;
		};
/* End PBXResourcesBuildPhase section */

/* Begin PBXSourcesBuildPhase section */
		CB3E5BCD2AA9687E00F06098 /* Sources */ = {
			isa = PBXSourcesBuildPhase;
			buildActionMask = 2147483647;
			files = (
				CB3E5BDC2AA9687E00F06098 /* ViewController.m in Sources */,
				CB3E5BD62AA9687E00F06098 /* AppDelegate.m in Sources */,
				CB3E5BE72AA9687F00F06098 /* main.m in Sources */,
				CB3E5BD92AA9687E00F06098 /* SceneDelegate.m in Sources */,
			);
			runOnlyForDeploymentPostprocessing = 0;
		};
		CB3E5BE82AA9687F00F06098 /* Sources */ = {
			isa = PBXSourcesBuildPhase;
			buildActionMask = 2147483647;
			files = (
				CB3E5BF12AA9687F00F06098 /* FightCassieTests.m in Sources */,
			);
			runOnlyForDeploymentPostprocessing = 0;
		};
		CB3E5BF22AA9687F00F06098 /* Sources */ = {
			isa = PBXSourcesBuildPhase;
			buildActionMask = 2147483647;
			files = (
				CB3E5BFB2AA9687F00F06098 /* FightCassieUITests.m in Sources */,
				CB3E5BFD2AA9687F00F06098 /* FightCassieUITestsLaunchTests.m in Sources */,
			);
			runOnlyForDeploymentPostprocessing = 0;
		};
/* End PBXSourcesBuildPhase section */

/* Begin PBXTargetDependency section */
		CB3E5BEE2AA9687F00F06098 /* PBXTargetDependency */ = {
			isa = PBXTargetDependency;
			target = CB3E5BD02AA9687E00F06098 /* FightCassie */;
			targetProxy = CB3E5BED2AA9687F00F06098 /* PBXContainerItemProxy */;
		};
		CB3E5BF82AA9687F00F06098 /* PBXTargetDependency */ = {
			isa = PBXTargetDependency;
			target = CB3E5BD02AA9687E00F06098 /* FightCassie */;
			targetProxy = CB3E5BF72AA9687F00F06098 /* PBXContainerItemProxy */;
		};
/* End PBXTargetDependency section */

/* Begin PBXVariantGroup section */
		CB3E5BDD2AA9687E00F06098 /* Main.storyboard */ = {
			isa = PBXVariantGroup;
			children = (
				CB3E5BDE2AA9687E00F06098 /* Base */,
			);
			name = Main.storyboard;
			sourceTree = "<group>";
		};
		CB3E5BE22AA9687F00F06098 /* LaunchScreen.storyboard */ = {
			isa = PBXVariantGroup;
			children = (
				CB3E5BE32AA9687F00F06098 /* Base */,
			);
			name = LaunchScreen.storyboard;
			sourceTree = "<group>";
		};
/* End PBXVariantGroup section */

/* Begin XCBuildConfiguration section */
		CB3E5BFE2AA9687F00F06098 /* Debug */ = {
			isa = XCBuildConfiguration;
			buildSettings = {
				ALWAYS_SEARCH_USER_PATHS = NO;
				CLANG_ANALYZER_NONNULL = YES;
				CLANG_ANALYZER_NUMBER_OBJECT_CONVERSION = YES_AGGRESSIVE;
				CLANG_CXX_LANGUAGE_STANDARD = "gnu++20";
				CLANG_ENABLE_MODULES = YES;
				CLANG_ENABLE_OBJC_ARC = YES;
				CLANG_ENABLE_OBJC_WEAK = YES;
				CLANG_WARN_BLOCK_CAPTURE_AUTORELEASING = YES;
				CLANG_WARN_BOOL_CONVERSION = YES;
				CLANG_WARN_COMMA = YES;
				CLANG_WARN_CONSTANT_CONVERSION = YES;
				CLANG_WARN_DEPRECATED_OBJC_IMPLEMENTATIONS = YES;
				CLANG_WARN_DIRECT_OBJC_ISA_USAGE = YES_ERROR;
				CLANG_WARN_DOCUMENTATION_COMMENTS = YES;
				CLANG_WARN_EMPTY_BODY = YES;
				CLANG_WARN_ENUM_CONVERSION = YES;
				CLANG_WARN_INFINITE_RECURSION = YES;
				CLANG_WARN_INT_CONVERSION = YES;
				CLANG_WARN_NON_LITERAL_NULL_CONVERSION = YES;
				CLANG_WARN_OBJC_IMPLICIT_RETAIN_SELF = YES;
				CLANG_WARN_OBJC_LITERAL_CONVERSION = YES;
				CLANG_WARN_OBJC_ROOT_CLASS = YES_ERROR;
				CLANG_WARN_QUOTED_INCLUDE_IN_FRAMEWORK_HEADER = YES;
				CLANG_WARN_RANGE_LOOP_ANALYSIS = YES;
				CLANG_WARN_STRICT_PROTOTYPES = YES;
				CLANG_WARN_SUSPICIOUS_MOVE = YES;
				CLANG_WARN_UNGUARDED_AVAILABILITY = YES_AGGRESSIVE;
				CLANG_WARN_UNREACHABLE_CODE = YES;
				CLANG_WARN__DUPLICATE_METHOD_MATCH = YES;
				COPY_PHASE_STRIP = NO;
				DEBUG_INFORMATION_FORMAT = dwarf;
				ENABLE_STRICT_OBJC_MSGSEND = YES;
				ENABLE_TESTABILITY = YES;
				GCC_C_LANGUAGE_STANDARD = gnu11;
				GCC_DYNAMIC_NO_PIC = NO;
				GCC_NO_COMMON_BLOCKS = YES;
				GCC_OPTIMIZATION_LEVEL = 0;
				GCC_PREPROCESSOR_DEFINITIONS = (
					"DEBUG=1",
					"$(inherited)",
				);
				GCC_WARN_64_TO_32_BIT_CONVERSION = YES;
				GCC_WARN_ABOUT_RETURN_TYPE = YES_ERROR;
				GCC_WARN_UNDECLARED_SELECTOR = YES;
				GCC_WARN_UNINITIALIZED_AUTOS = YES_AGGRESSIVE;
				GCC_WARN_UNUSED_FUNCTION = YES;
				GCC_WARN_UNUSED_VARIABLE = YES;
				IPHONEOS_DEPLOYMENT_TARGET = 16.4;
				MTL_ENABLE_DEBUG_INFO = INCLUDE_SOURCE;
				MTL_FAST_MATH = YES;
				ONLY_ACTIVE_ARCH = YES;
				SDKROOT = iphoneos;
			};
			name = Debug;
		};
		CB3E5BFF2AA9687F00F06098 /* Release */ = {
			isa = XCBuildConfiguration;
			buildSettings = {
				ALWAYS_SEARCH_USER_PATHS = NO;
				CLANG_ANALYZER_NONNULL = YES;
				CLANG_ANALYZER_NUMBER_OBJECT_CONVERSION = YES_AGGRESSIVE;
				CLANG_CXX_LANGUAGE_STANDARD = "gnu++20";
				CLANG_ENABLE_MODULES = YES;
				CLANG_ENABLE_OBJC_ARC = YES;
				CLANG_ENABLE_OBJC_WEAK = YES;
				CLANG_WARN_BLOCK_CAPTURE_AUTORELEASING = YES;
				CLANG_WARN_BOOL_CONVERSION = YES;
				CLANG_WARN_COMMA = YES;
				CLANG_WARN_CONSTANT_CONVERSION = YES;
				CLANG_WARN_DEPRECATED_OBJC_IMPLEMENTATIONS = YES;
				CLANG_WARN_DIRECT_OBJC_ISA_USAGE = YES_ERROR;
				CLANG_WARN_DOCUMENTATION_COMMENTS = YES;
				CLANG_WARN_EMPTY_BODY = YES;
				CLANG_WARN_ENUM_CONVERSION = YES;
				CLANG_WARN_INFINITE_RECURSION = YES;
				CLANG_WARN_INT_CONVERSION = YES;
				CLANG_WARN_NON_LITERAL_NULL_CONVERSION = YES;
				CLANG_WARN_OBJC_IMPLICIT_RETAIN_SELF = YES;
				CLANG_WARN_OBJC_LITERAL_CONVERSION = YES;
				CLANG_WARN_OBJC_ROOT_CLASS = YES_ERROR;
				CLANG_WARN_QUOTED_INCLUDE_IN_FRAMEWORK_HEADER = YES;
				CLANG_WARN_RANGE_LOOP_ANALYSIS = YES;
				CLANG_WARN_STRICT_PROTOTYPES = YES;
				CLANG_WARN_SUSPICIOUS_MOVE = YES;
				CLANG_WARN_UNGUARDED_AVAILABILITY = YES_AGGRESSIVE;
				CLANG_WARN_UNREACHABLE_CODE = YES;
				CLANG_WARN__DUPLICATE_METHOD_MATCH = YES;
				COPY_PHASE_STRIP = NO;
				DEBUG_INFORMATION_FORMAT = "dwarf-with-dsym";
				ENABLE_NS_ASSERTIONS = NO;
				ENABLE_STRICT_OBJC_MSGSEND = YES;
				GCC_C_LANGUAGE_STANDARD = gnu11;
				GCC_NO_COMMON_BLOCKS = YES;
				GCC_WARN_64_TO_32_BIT_CONVERSION = YES;
				GCC_WARN_ABOUT_RETURN_TYPE = YES_ERROR;
				GCC_WARN_UNDECLARED_SELECTOR = YES;
				GCC_WARN_UNINITIALIZED_AUTOS = YES_AGGRESSIVE;
				GCC_WARN_UNUSED_FUNCTION = YES;
				GCC_WARN_UNUSED_VARIABLE = YES;
				IPHONEOS_DEPLOYMENT_TARGET = 16.4;
				MTL_ENABLE_DEBUG_INFO = NO;
				MTL_FAST_MATH = YES;
				SDKROOT = iphoneos;
				VALIDATE_PRODUCT = YES;
			};
			name = Release;
		};
		CB3E5C012AA9687F00F06098 /* Debug */ = {
			isa = XCBuildConfiguration;
			buildSettings = {
				ASSETCATALOG_COMPILER_APPICON_NAME = AppIcon;
				ASSETCATALOG_COMPILER_GLOBAL_ACCENT_COLOR_NAME = AccentColor;
				CODE_SIGN_STYLE = Automatic;
				CURRENT_PROJECT_VERSION = 1;
				GENERATE_INFOPLIST_FILE = YES;
				INFOPLIST_FILE = FightCassie/Info.plist;
				INFOPLIST_KEY_UIApplicationSupportsIndirectInputEvents = YES;
				INFOPLIST_KEY_UILaunchStoryboardName = LaunchScreen;
				INFOPLIST_KEY_UIMainStoryboardFile = Main;
				INFOPLIST_KEY_UISupportedInterfaceOrientations_iPad = "UIInterfaceOrientationPortrait UIInterfaceOrientationPortraitUpsideDown UIInterfaceOrientationLandscapeLeft UIInterfaceOrientationLandscapeRight";
				INFOPLIST_KEY_UISupportedInterfaceOrientations_iPhone = "UIInterfaceOrientationPortrait UIInterfaceOrientationLandscapeLeft UIInterfaceOrientationLandscapeRight";
				LD_RUNPATH_SEARCH_PATHS = (
					"$(inherited)",
					"@executable_path/Frameworks",
				);
				MARKETING_VERSION = 1.0;
				PRODUCT_BUNDLE_IDENTIFIER = test.FightCassie;
				PRODUCT_NAME = "$(TARGET_NAME)";
				SWIFT_EMIT_LOC_STRINGS = YES;
				TARGETED_DEVICE_FAMILY = "1,2";
			};
			name = Debug;
		};
		CB3E5C022AA9687F00F06098 /* Release */ = {
			isa = XCBuildConfiguration;
			buildSettings = {
				ASSETCATALOG_COMPILER_APPICON_NAME = AppIcon;
				ASSETCATALOG_COMPILER_GLOBAL_ACCENT_COLOR_NAME = AccentColor;
				CODE_SIGN_STYLE = Automatic;
				CURRENT_PROJECT_VERSION = 1;
				GENERATE_INFOPLIST_FILE = YES;
				INFOPLIST_FILE = FightCassie/Info.plist;
				INFOPLIST_KEY_UIApplicationSupportsIndirectInputEvents = YES;
				INFOPLIST_KEY_UILaunchStoryboardName = LaunchScreen;
				INFOPLIST_KEY_UIMainStoryboardFile = Main;
				INFOPLIST_KEY_UISupportedInterfaceOrientations_iPad = "UIInterfaceOrientationPortrait UIInterfaceOrientationPortraitUpsideDown UIInterfaceOrientationLandscapeLeft UIInterfaceOrientationLandscapeRight";
				INFOPLIST_KEY_UISupportedInterfaceOrientations_iPhone = "UIInterfaceOrientationPortrait UIInterfaceOrientationLandscapeLeft UIInterfaceOrientationLandscapeRight";
				LD_RUNPATH_SEARCH_PATHS = (
					"$(inherited)",
					"@executable_path/Frameworks",
				);
				MARKETING_VERSION = 1.0;
				PRODUCT_BUNDLE_IDENTIFIER = test.FightCassie;
				PRODUCT_NAME = "$(TARGET_NAME)";
				SWIFT_EMIT_LOC_STRINGS = YES;
				TARGETED_DEVICE_FAMILY = "1,2";
			};
			name = Release;
		};
		CB3E5C042AA9687F00F06098 /* Debug */ = {
			isa = XCBuildConfiguration;
			buildSettings = {
				BUNDLE_LOADER = "$(TEST_HOST)";
				CODE_SIGN_STYLE = Automatic;
				CURRENT_PROJECT_VERSION = 1;
				GENERATE_INFOPLIST_FILE = YES;
				IPHONEOS_DEPLOYMENT_TARGET = 16.4;
				MARKETING_VERSION = 1.0;
				PRODUCT_BUNDLE_IDENTIFIER = test.FightCassieTests;
				PRODUCT_NAME = "$(TARGET_NAME)";
				SWIFT_EMIT_LOC_STRINGS = NO;
				TARGETED_DEVICE_FAMILY = "1,2";
				TEST_HOST = "$(BUILT_PRODUCTS_DIR)/FightCassie.app/$(BUNDLE_EXECUTABLE_FOLDER_PATH)/FightCassie";
			};
			name = Debug;
		};
		CB3E5C052AA9687F00F06098 /* Release */ = {
			isa = XCBuildConfiguration;
			buildSettings = {
				BUNDLE_LOADER = "$(TEST_HOST)";
				CODE_SIGN_STYLE = Automatic;
				CURRENT_PROJECT_VERSION = 1;
				GENERATE_INFOPLIST_FILE = YES;
				IPHONEOS_DEPLOYMENT_TARGET = 16.4;
				MARKETING_VERSION = 1.0;
				PRODUCT_BUNDLE_IDENTIFIER = test.FightCassieTests;
				PRODUCT_NAME = "$(TARGET_NAME)";
				SWIFT_EMIT_LOC_STRINGS = NO;
				TARGETED_DEVICE_FAMILY = "1,2";
				TEST_HOST = "$(BUILT_PRODUCTS_DIR)/FightCassie.app/$(BUNDLE_EXECUTABLE_FOLDER_PATH)/FightCassie";
			};
			name = Release;
		};
		CB3E5C072AA9687F00F06098 /* Debug */ = {
			isa = XCBuildConfiguration;
			buildSettings = {
				CODE_SIGN_STYLE = Automatic;
				CURRENT_PROJECT_VERSION = 1;
				GENERATE_INFOPLIST_FILE = YES;
				MARKETING_VERSION = 1.0;
				PRODUCT_BUNDLE_IDENTIFIER = test.FightCassieUITests;
				PRODUCT_NAME = "$(TARGET_NAME)";
				SWIFT_EMIT_LOC_STRINGS = NO;
				TARGETED_DEVICE_FAMILY = "1,2";
				TEST_TARGET_NAME = FightCassie;
			};
			name = Debug;
		};
		CB3E5C082AA9687F00F06098 /* Release */ = {
			isa = XCBuildConfiguration;
			buildSettings = {
				CODE_SIGN_STYLE = Automatic;
				CURRENT_PROJECT_VERSION = 1;
				GENERATE_INFOPLIST_FILE = YES;
				MARKETING_VERSION = 1.0;
				PRODUCT_BUNDLE_IDENTIFIER = test.FightCassieUITests;
				PRODUCT_NAME = "$(TARGET_NAME)";
				SWIFT_EMIT_LOC_STRINGS = NO;
				TARGETED_DEVICE_FAMILY = "1,2";
				TEST_TARGET_NAME = FightCassie;
			};
			name = Release;
		};
/* End XCBuildConfiguration section */

/* Begin XCConfigurationList section */
		CB3E5BCC2AA9687E00F06098 /* Build configuration list for PBXProject "FightCassie" */ = {
			isa = XCConfigurationList;
			buildConfigurations = (
				CB3E5BFE2AA9687F00F06098 /* Debug */,
				CB3E5BFF2AA9687F00F06098 /* Release */,
			);
			defaultConfigurationIsVisible = 0;
			defaultConfigurationName = Release;
		};
		CB3E5C002AA9687F00F06098 /* Build configuration list for PBXNativeTarget "FightCassie" */ = {
			isa = XCConfigurationList;
			buildConfigurations = (
				CB3E5C012AA9687F00F06098 /* Debug */,
				CB3E5C022AA9687F00F06098 /* Release */,
			);
			defaultConfigurationIsVisible = 0;
			defaultConfigurationName = Release;
		};
		CB3E5C032AA9687F00F06098 /* Build configuration list for PBXNativeTarget "FightCassieTests" */ = {
			isa = XCConfigurationList;
			buildConfigurations = (
				CB3E5C042AA9687F00F06098 /* Debug */,
				CB3E5C052AA9687F00F06098 /* Release */,
			);
			defaultConfigurationIsVisible = 0;
			defaultConfigurationName = Release;
		};
		CB3E5C062AA9687F00F06098 /* Build configuration list for PBXNativeTarget "FightCassieUITests" */ = {
			isa = XCConfigurationList;
			buildConfigurations = (
				CB3E5C072AA9687F00F06098 /* Debug */,
				CB3E5C082AA9687F00F06098 /* Release */,
			);
			defaultConfigurationIsVisible = 0;
			defaultConfigurationName = Release;
		};
/* End XCConfigurationList section */
	};
	rootObject = CB3E5BC92AA9687E00F06098 /* Project object */;
}
